
Microsoft Visual Studio Solution File, Format Version 12.00
# Visual Studio 15
VisualStudioVersion = 15.0.28307.489
MinimumVisualStudioVersion = 10.0.40219.1
Project("{FAE04EC0-301F-11D3-BF4B-00C04F79EFBC}") = "SysInvoke", "SysInvoke\SysInvoke.csproj", "{15A643B3-E779-4BE6-B57D-214DC825041A}"
EndProject
Global
	GlobalSection(SolutionConfigurationPlatforms) = preSolution
		Debug|Any CPU = Debug|Any CPU
		Release|Any CPU = Release|Any CPU
	EndGlobalSection
	GlobalSection(ProjectConfigurationPlatforms) = postSolution
		{15A643B3-E779-4BE6-B57D-214DC825041A}.Debug|Any CPU.ActiveCfg = Debug|Any CPU
		{15A643B3-E779-4BE6-B57D-214DC825041A}.Debug|Any CPU.Build.0 = Debug|Any CPU
		{15A643B3-E779-4BE6-B57D-214DC825041A}.Release|Any CPU.ActiveCfg = Release|Any CPU
		{15A643B3-E779-4BE6-B57D-214DC825041A}.Release|Any CPU.Build.0 = Release|Any CPU
	EndGlobalSection
	GlobalSection(SolutionProperties) = preSolution
		HideSolutionNode = FALSE
	EndGlobalSection
	GlobalSection(ExtensibilityGlobals) = postSolution
		SolutionGuid = {8E2902F5-F666-4E99-8B0C-CC0D509E12A3}
	EndGlobalSection
EndGlobal
